
Microsoft Visual Studio Solution File, Format Version 12.00
# Visual Studio Version 17
VisualStudioVersion = 17.11.35208.52
MinimumVisualStudioVersion = 10.0.40219.1
Project("{FAE04EC0-301F-11D3-BF4B-00C04F79EFBC}") = "JapaneseTeacher", "JapaneseTeacher.csproj", "{5D5A3CFD-0CF1-46B0-BFE9-1E945FDA526D}"
EndProject
Global
	GlobalSection(SolutionConfigurationPlatforms) = preSolution
		Debug|Any CPU = Debug|Any CPU
		Release|Any CPU = Release|Any CPU
	EndGlobalSection
	GlobalSection(ProjectConfigurationPlatforms) = postSolution
		{5D5A3CFD-0CF1-46B0-BFE9-1E945FDA526D}.Debug|Any CPU.ActiveCfg = Debug|Any CPU
		{5D5A3CFD-0CF1-46B0-BFE9-1E945FDA526D}.Debug|Any CPU.Build.0 = Debug|Any CPU
		{5D5A3CFD-0CF1-46B0-BFE9-1E945FDA526D}.Release|Any CPU.ActiveCfg = Release|Any CPU
		{5D5A3CFD-0CF1-46B0-BFE9-1E945FDA526D}.Release|Any CPU.Build.0 = Release|Any CPU
	EndGlobalSection
	GlobalSection(SolutionProperties) = preSolution
		HideSolutionNode = FALSE
	EndGlobalSection
	GlobalSection(ExtensibilityGlobals) = postSolution
		SolutionGuid = {37665A3F-D4FC-4DCB-8F72-FAFDC9438403}
	EndGlobalSection
EndGlobal
